
Microsoft Visual Studio Solution File, Format Version 12.00
# Visual Studio Version 17
VisualStudioVersion = 17.4.33213.308
MinimumVisualStudioVersion = 10.0.40219.1
Project("{FAE04EC0-301F-11D3-BF4B-00C04F79EFBC}") = "Shoot for the Win", "Shoot for the Win\Shoot for the Win.csproj", "{8D848FD6-C478-4115-BACD-60A2B0E12A40}"
EndProject
Global
	GlobalSection(SolutionConfigurationPlatforms) = preSolution
		Debug|Any CPU = Debug|Any CPU
		Release|Any CPU = Release|Any CPU
	EndGlobalSection
	GlobalSection(ProjectConfigurationPlatforms) = postSolution
		{8D848FD6-C478-4115-BACD-60A2B0E12A40}.Debug|Any CPU.ActiveCfg = Debug|Any CPU
		{8D848FD6-C478-4115-BACD-60A2B0E12A40}.Debug|Any CPU.Build.0 = Debug|Any CPU
		{8D848FD6-C478-4115-BACD-60A2B0E12A40}.Release|Any CPU.ActiveCfg = Release|Any CPU
		{8D848FD6-C478-4115-BACD-60A2B0E12A40}.Release|Any CPU.Build.0 = Release|Any CPU
	EndGlobalSection
	GlobalSection(SolutionProperties) = preSolution
		HideSolutionNode = FALSE
	EndGlobalSection
	GlobalSection(ExtensibilityGlobals) = postSolution
		SolutionGuid = {2208D0F5-48DA-463A-9EB0-A031062AD5D3}
	EndGlobalSection
EndGlobal
