
Microsoft Visual Studio Solution File, Format Version 12.00
# Visual Studio Version 17
VisualStudioVersion = 17.4.33213.308
MinimumVisualStudioVersion = 10.0.40219.1
Project("{FAE04EC0-301F-11D3-BF4B-00C04F79EFBC}") = "Inventory", "Inventory\Inventory.csproj", "{0429526A-65CD-47D5-A838-3B67203BC95D}"
EndProject
Global
	GlobalSection(SolutionConfigurationPlatforms) = preSolution
		Debug|Any CPU = Debug|Any CPU
		Release|Any CPU = Release|Any CPU
	EndGlobalSection
	GlobalSection(ProjectConfigurationPlatforms) = postSolution
		{0429526A-65CD-47D5-A838-3B67203BC95D}.Debug|Any CPU.ActiveCfg = Debug|Any CPU
		{0429526A-65CD-47D5-A838-3B67203BC95D}.Debug|Any CPU.Build.0 = Debug|Any CPU
		{0429526A-65CD-47D5-A838-3B67203BC95D}.Release|Any CPU.ActiveCfg = Release|Any CPU
		{0429526A-65CD-47D5-A838-3B67203BC95D}.Release|Any CPU.Build.0 = Release|Any CPU
	EndGlobalSection
	GlobalSection(SolutionProperties) = preSolution
		HideSolutionNode = FALSE
	EndGlobalSection
	GlobalSection(ExtensibilityGlobals) = postSolution
		SolutionGuid = {1CCC6B8F-D267-4ADA-94FC-507F922E3365}
	EndGlobalSection
EndGlobal
